
Microsoft Visual Studio Solution File, Format Version 12.00
# Visual Studio Version 16
VisualStudioVersion = 16.0.29123.88
MinimumVisualStudioVersion = 10.0.40219.1
Project("{FAE04EC0-301F-11D3-BF4B-00C04F79EFBC}") = "APBD_Cw1", "APBD_Cw1\APBD_Cw1.csproj", "{4FA06F8B-3701-4BBF-B9B8-5E413097B3A8}"
EndProject
Global
	GlobalSection(SolutionConfigurationPlatforms) = preSolution
		Debug|Any CPU = Debug|Any CPU
		Release|Any CPU = Release|Any CPU
	EndGlobalSection
	GlobalSection(ProjectConfigurationPlatforms) = postSolution
		{4FA06F8B-3701-4BBF-B9B8-5E413097B3A8}.Debug|Any CPU.ActiveCfg = Debug|Any CPU
		{4FA06F8B-3701-4BBF-B9B8-5E413097B3A8}.Debug|Any CPU.Build.0 = Debug|Any CPU
		{4FA06F8B-3701-4BBF-B9B8-5E413097B3A8}.Release|Any CPU.ActiveCfg = Release|Any CPU
		{4FA06F8B-3701-4BBF-B9B8-5E413097B3A8}.Release|Any CPU.Build.0 = Release|Any CPU
	EndGlobalSection
	GlobalSection(SolutionProperties) = preSolution
		HideSolutionNode = FALSE
	EndGlobalSection
	GlobalSection(ExtensibilityGlobals) = postSolution
		SolutionGuid = {46F1107C-8B90-4D48-A450-4B6E0CD99889}
	EndGlobalSection
EndGlobal
